<Solution>
  <Folder Name="/agents/">
    <Project Path="agents\Aevatar.Agents.Chat\Aevatar.Agents.Chat.csproj" Type="Classic C#" />
    <Project Path="agents\Aevatar.Agents.Translation\Aevatar.Agents.Translation.csproj" Type="Classic C#" />
    <Project Path="agents\Aevatar.Agents.Twitter\Aevatar.Agents.Twitter.csproj" Type="Classic C#" />
    <Project Path="agents\Aevatar.Agents.Workflow\Aevatar.Agents.Workflow.csproj" Type="Classic C#" />
    <Project Path="agents\Aevatar.Playground\Aevatar.Playground.csproj" Type="Classic C#" />
  </Folder>
  <Folder Name="/apps/" />
  <Folder Name="/docs/">
    <File Path="docs\AEVATAR_FRAMEWORK_GUIDE.md" />
    <File Path="docs\CONSTITUTION.md" />
    <File Path="docs\ARCHITECTURE_REFERENCE.md" />
    <File Path="docs\AI_AGENT_MAKER_GUIDE.md" />
  </Folder>
  <Folder Name="/examples/">
    <Project Path="examples\AIEventSourcingDemo\AIEventSourcingDemo.csproj" Type="Classic C#" />
    <Project Path="examples\Demo.Agents\Demo.Agents.csproj" />
    <Project Path="examples\Demo.Api\Demo.Api.csproj" />
    <Project Path="examples\Demo.AppHost\Demo.AppHost.csproj" />
    <Project Path="examples\EventSourcingDemo\EventSourcingDemo.csproj" />
    <Project Path="examples\KafkaStreamDemo\KafkaStreamDemo.csproj" Type="Classic C#" />
    <Project Path="examples\MongoDBEventStoreDemo\MongoDBEventStoreDemo.csproj" Type="Classic C#" />
    <Project Path="examples\SimpleDemo\SimpleDemo.csproj" />
    <Project Path="examples\StateStoreDemo\StateStoreDemo.csproj" Type="Classic C#" />
  </Folder>
  <Folder Name="/src/">
    <Project Path="src\Aevatar.Agents.Abstractions\Aevatar.Agents.Abstractions.csproj" />
    <Project Path="src\Aevatar.Agents.AI.Abstractions\Aevatar.Agents.AI.Abstractions.csproj" />
    <Project Path="src\Aevatar.Agents.AI.Core\Aevatar.Agents.AI.Core.csproj" />
    <Project Path="src\Aevatar.Agents.AI.MEAI\Aevatar.Agents.AI.MEAI.csproj" />
    <Project Path="src\Aevatar.Agents.Core\Aevatar.Agents.Core.csproj" />
    <Project Path="src\Aevatar.Agents.Persistence.MongoDB\Aevatar.Agents.Persistence.MongoDB.csproj" Type="Classic C#" />
    <Project Path="src\Aevatar.Agents.Runtime.Local\Aevatar.Agents.Runtime.Local.csproj" />
    <Project Path="src\Aevatar.Agents.Runtime.Orleans.MongoDB\Aevatar.Agents.Runtime.Orleans.MongoDB.csproj" Type="Classic C#" />
    <Project Path="src\Aevatar.Agents.Runtime.Orleans\Aevatar.Agents.Runtime.Orleans.csproj" />
    <Project Path="src\Aevatar.Agents.Runtime.ProtoActor\Aevatar.Agents.Runtime.ProtoActor.csproj" />
    <Project Path="src\Aevatar.Agents.Runtime\Aevatar.Agents.Runtime.csproj" Type="Classic C#" />
  </Folder>
  <Folder Name="/test/">
    <Project Path="test/Aevatar.Agents.AI.Core.Tests/Aevatar.Agents.AI.Core.Tests.csproj" />
    <Project Path="test\Aevatar.Agents.Abstractions.Tests\Aevatar.Agents.Abstractions.Tests.csproj" Type="Classic C#" />
    <Project Path="test\Aevatar.Agents.AI.Abstractions.Tests\Aevatar.Agents.AI.Abstractions.Tests.csproj" Type="Classic C#" />
    <Project Path="test\Aevatar.Agents.AI.Tests\Aevatar.Agents.AI.Tests.csproj" Type="Classic C#" />
    <Project Path="test\Aevatar.Agents.Core.Tests.Agents\Aevatar.Agents.Core.Tests.Agents.csproj" Type="Classic C#" />
    <Project Path="test\Aevatar.Agents.Core.Tests\Aevatar.Agents.Core.Tests.csproj" />
    <Project Path="test\Aevatar.Agents.Local.Tests\Aevatar.Agents.Local.Tests.csproj" />
    <Project Path="test\Aevatar.Agents.Orleans.MongoDB.Tests\Aevatar.Agents.Orleans.MongoDB.Tests.csproj" Type="Classic C#" />
    <Project Path="test\Aevatar.Agents.Orleans.Tests\Aevatar.Agents.Orleans.Tests.csproj" />
    <Project Path="test\Aevatar.Agents.ProtoActor.Tests\Aevatar.Agents.ProtoActor.Tests.csproj" />
    <Project Path="test\Aevatar.Agents.TestBase\Aevatar.Agents.TestBase.csproj" />
    <File Path="test/README.md" />
    <File Path="test\UnitTestDesign.md" />
  </Folder>
</Solution>